
Microsoft Visual Studio Solution File, Format Version 12.00
# Blend for Visual Studio Version 16
VisualStudioVersion = 16.0.29509.3
MinimumVisualStudioVersion = 10.0.40219.1
Project("{FAE04EC0-301F-11D3-BF4B-00C04F79EFBC}") = "Visual_Programming", "Visual_Programming\Visual_Programming.csproj", "{B0C0797C-13BF-413B-A2AA-F01AE8542BDB}"
EndProject
Global
	GlobalSection(SolutionConfigurationPlatforms) = preSolution
		Debug|Any CPU = Debug|Any CPU
		Release|Any CPU = Release|Any CPU
	EndGlobalSection
	GlobalSection(ProjectConfigurationPlatforms) = postSolution
		{B0C0797C-13BF-413B-A2AA-F01AE8542BDB}.Debug|Any CPU.ActiveCfg = Debug|Any CPU
		{B0C0797C-13BF-413B-A2AA-F01AE8542BDB}.Debug|Any CPU.Build.0 = Debug|Any CPU
		{B0C0797C-13BF-413B-A2AA-F01AE8542BDB}.Release|Any CPU.ActiveCfg = Release|Any CPU
		{B0C0797C-13BF-413B-A2AA-F01AE8542BDB}.Release|Any CPU.Build.0 = Release|Any CPU
	EndGlobalSection
	GlobalSection(SolutionProperties) = preSolution
		HideSolutionNode = FALSE
	EndGlobalSection
	GlobalSection(ExtensibilityGlobals) = postSolution
		SolutionGuid = {EF36AF0E-A4B6-4937-8ED6-7E304BFFDA4F}
	EndGlobalSection
EndGlobal
